
Microsoft Visual Studio Solution File, Format Version 12.00
# Visual Studio Version 17
VisualStudioVersion = 17.6.33815.320
MinimumVisualStudioVersion = 10.0.40219.1
Project("{FAE04EC0-301F-11D3-BF4B-00C04F79EFBC}") = "Hospital Management and Appointment System Automation", "Hospital Management and Appointment System Automation\Hospital Management and Appointment System Automation.csproj", "{0AB543F5-1346-4EC0-8AD2-4A6CF887BA17}"
EndProject
Global
	GlobalSection(SolutionConfigurationPlatforms) = preSolution
		Debug|Any CPU = Debug|Any CPU
		Release|Any CPU = Release|Any CPU
	EndGlobalSection
	GlobalSection(ProjectConfigurationPlatforms) = postSolution
		{0AB543F5-1346-4EC0-8AD2-4A6CF887BA17}.Debug|Any CPU.ActiveCfg = Debug|Any CPU
		{0AB543F5-1346-4EC0-8AD2-4A6CF887BA17}.Debug|Any CPU.Build.0 = Debug|Any CPU
		{0AB543F5-1346-4EC0-8AD2-4A6CF887BA17}.Release|Any CPU.ActiveCfg = Release|Any CPU
		{0AB543F5-1346-4EC0-8AD2-4A6CF887BA17}.Release|Any CPU.Build.0 = Release|Any CPU
	EndGlobalSection
	GlobalSection(SolutionProperties) = preSolution
		HideSolutionNode = FALSE
	EndGlobalSection
	GlobalSection(ExtensibilityGlobals) = postSolution
		SolutionGuid = {619F73F6-E694-4610-9F10-8F5E79F2E81B}
	EndGlobalSection
EndGlobal
